
Microsoft Visual Studio Solution File, Format Version 12.00
# Visual Studio Version 17
VisualStudioVersion = 17.10.35027.167
MinimumVisualStudioVersion = 10.0.40219.1
Project("{FAE04EC0-301F-11D3-BF4B-00C04F79EFBC}") = "OOPModule3", "OOPModule3\OOPModule3.csproj", "{9B805247-09E8-465E-98F5-4C13C6BA8000}"
EndProject
Global
	GlobalSection(SolutionConfigurationPlatforms) = preSolution
		Debug|Any CPU = Debug|Any CPU
		Release|Any CPU = Release|Any CPU
	EndGlobalSection
	GlobalSection(ProjectConfigurationPlatforms) = postSolution
		{9B805247-09E8-465E-98F5-4C13C6BA8000}.Debug|Any CPU.ActiveCfg = Debug|Any CPU
		{9B805247-09E8-465E-98F5-4C13C6BA8000}.Debug|Any CPU.Build.0 = Debug|Any CPU
		{9B805247-09E8-465E-98F5-4C13C6BA8000}.Release|Any CPU.ActiveCfg = Release|Any CPU
		{9B805247-09E8-465E-98F5-4C13C6BA8000}.Release|Any CPU.Build.0 = Release|Any CPU
	EndGlobalSection
	GlobalSection(SolutionProperties) = preSolution
		HideSolutionNode = FALSE
	EndGlobalSection
	GlobalSection(ExtensibilityGlobals) = postSolution
		SolutionGuid = {80FDDA3D-6A1E-4522-9583-0D8C78AAEEE6}
	EndGlobalSection
EndGlobal
